
Microsoft Visual Studio Solution File, Format Version 12.00
# Visual Studio Version 16
VisualStudioVersion = 16.0.31205.134
MinimumVisualStudioVersion = 10.0.40219.1
Project("{888888A0-9F3D-457C-B088-3A5042F75D52}") = "Adapter-Template", "Adapter-Template.pyproj", "{4CE74A92-FB5C-4A39-9C9A-34875341F699}"
EndProject
Global
	GlobalSection(SolutionConfigurationPlatforms) = preSolution
		Debug|Any CPU = Debug|Any CPU
		Release|Any CPU = Release|Any CPU
	EndGlobalSection
	GlobalSection(ProjectConfigurationPlatforms) = postSolution
		{4CE74A92-FB5C-4A39-9C9A-34875341F699}.Debug|Any CPU.ActiveCfg = Debug|Any CPU
		{4CE74A92-FB5C-4A39-9C9A-34875341F699}.Release|Any CPU.ActiveCfg = Release|Any CPU
	EndGlobalSection
	GlobalSection(SolutionProperties) = preSolution
		HideSolutionNode = FALSE
	EndGlobalSection
	GlobalSection(ExtensibilityGlobals) = postSolution
		SolutionGuid = {821C83FC-BA4C-456D-A64F-AFB8889B3288}
	EndGlobalSection
EndGlobal
