{
  "name": "gtourdependencies",
  "version": "1.0.0",
  "lockfileVersion": 2,
  "requires": true,
  "packages": {
    "": {
      "name": "gtourdependencies",
      "version": "1.0.0",
      "license": "ISC",
      "dependencies": {
        "@popperjs/core": "^2.9.2",
        "@types/popper.js": "^0.4.3",
        "requirejs": "^2.3.6",
        "typescript": "^4.3.5"
      },
      "devDependencies": {
        "@types/node": "^20.12.12",
        "typescript": "^5.4.5"
      }
    },
    "node_modules/@popperjs/core": {
      "version": "2.9.2",
      "resolved": "https://registry.npmjs.org/@popperjs/core/-/core-2.9.2.tgz",
      "integrity": "sha512-VZMYa7+fXHdwIq1TDhSXoVmSPEGM/aa+6Aiq3nVVJ9bXr24zScr+NlKFKC3iPljA7ho/GAZr+d2jOf5GIRC30Q==",
      "funding": {
        "type": "opencollective",
        "url": "https://opencollective.com/popperjs"
      }
    },
    "node_modules/@types/node": {
      "version": "20.12.12",
      "resolved": "https://registry.npmjs.org/@types/node/-/node-20.12.12.tgz",
      "integrity": "sha512-eWLDGF/FOSPtAvEqeRAQ4C8LSA7M1I7i0ky1I8U7kD1J5ITyW3AsRhQrKVoWf5pFKZ2kILsEGJhsI9r93PYnOw==",
      "dev": true,
      "dependencies": {
        "undici-types": "~5.26.4"
      }
    },
    "node_modules/@types/popper.js": {
      "version": "0.4.3",
      "resolved": "https://registry.npmjs.org/@types/popper.js/-/popper.js-0.4.3.tgz",
      "integrity": "sha1-sTO+/1uxrILq9HOJwfUnwsNvllk="
    },
    "node_modules/requirejs": {
      "version": "2.3.6",
      "resolved": "https://registry.npmjs.org/requirejs/-/requirejs-2.3.6.tgz",
      "integrity": "sha512-ipEzlWQe6RK3jkzikgCupiTbTvm4S0/CAU5GlgptkN5SO6F3u0UD0K18wy6ErDqiCyP4J4YYe1HuAShvsxePLg==",
      "bin": {
        "r_js": "bin/r.js",
        "r.js": "bin/r.js"
      },
      "engines": {
        "node": ">=0.4.0"
      }
    },
    "node_modules/typescript": {
      "version": "5.4.5",
      "resolved": "https://registry.npmjs.org/typescript/-/typescript-5.4.5.tgz",
      "integrity": "sha512-vcI4UpRgg81oIRUFwR0WSIHKt11nJ7SAVlYNIu+QpqeyXP+gpQJy/Z4+F0aGxSE4MqwjyXvW/TzgkLAx2AGHwQ==",
      "dev": true,
      "bin": {
        "tsc": "bin/tsc",
        "tsserver": "bin/tsserver"
      },
      "engines": {
        "node": ">=14.17"
      }
    },
    "node_modules/undici-types": {
      "version": "5.26.5",
      "resolved": "https://registry.npmjs.org/undici-types/-/undici-types-5.26.5.tgz",
      "integrity": "sha512-JlCMO+ehdEIKqlFxk6IfVoAUVmgz7cU7zD/h9XZ0qzeosSHmUJVOzSQvvYSYWXkFXC+IfLKSIffhv0sVZup6pA==",
      "dev": true
    }
  },
  "dependencies": {
    "@popperjs/core": {
      "version": "2.9.2",
      "resolved": "https://registry.npmjs.org/@popperjs/core/-/core-2.9.2.tgz",
      "integrity": "sha512-VZMYa7+fXHdwIq1TDhSXoVmSPEGM/aa+6Aiq3nVVJ9bXr24zScr+NlKFKC3iPljA7ho/GAZr+d2jOf5GIRC30Q=="
    },
    "@types/node": {
      "version": "20.12.12",
      "resolved": "https://registry.npmjs.org/@types/node/-/node-20.12.12.tgz",
      "integrity": "sha512-eWLDGF/FOSPtAvEqeRAQ4C8LSA7M1I7i0ky1I8U7kD1J5ITyW3AsRhQrKVoWf5pFKZ2kILsEGJhsI9r93PYnOw==",
      "dev": true,
      "requires": {
        "undici-types": "~5.26.4"
      }
    },
    "@types/popper.js": {
      "version": "0.4.3",
      "resolved": "https://registry.npmjs.org/@types/popper.js/-/popper.js-0.4.3.tgz",
      "integrity": "sha1-sTO+/1uxrILq9HOJwfUnwsNvllk="
    },
    "requirejs": {
      "version": "2.3.6",
      "resolved": "https://registry.npmjs.org/requirejs/-/requirejs-2.3.6.tgz",
      "integrity": "sha512-ipEzlWQe6RK3jkzikgCupiTbTvm4S0/CAU5GlgptkN5SO6F3u0UD0K18wy6ErDqiCyP4J4YYe1HuAShvsxePLg=="
    },
    "typescript": {
      "version": "5.4.5",
      "resolved": "https://registry.npmjs.org/typescript/-/typescript-5.4.5.tgz",
      "integrity": "sha512-vcI4UpRgg81oIRUFwR0WSIHKt11nJ7SAVlYNIu+QpqeyXP+gpQJy/Z4+F0aGxSE4MqwjyXvW/TzgkLAx2AGHwQ==",
      "dev": true
    },
    "undici-types": {
      "version": "5.26.5",
      "resolved": "https://registry.npmjs.org/undici-types/-/undici-types-5.26.5.tgz",
      "integrity": "sha512-JlCMO+ehdEIKqlFxk6IfVoAUVmgz7cU7zD/h9XZ0qzeosSHmUJVOzSQvvYSYWXkFXC+IfLKSIffhv0sVZup6pA==",
      "dev": true
    }
  }
}
